{
  "name": "base",
  "version": "1.0.0",
  "lockfileVersion": 3,
  "requires": true,
  "packages": {
    "": {
      "name": "base",
      "version": "1.0.0",
      "license": "ISC",
      "dependencies": {
        "@undefined/plugin-express": "file:../express"
      }
    },
    "../express": {
      "name": "@undefined/plugin-express",
      "license": "ISC",
      "dependencies": {
        "@rollup/plugin-typescript": "^11.1.0",
        "@undefined/plugin": "file:../../lib",
        "express": "^4.18.2"
      }
    },
    "node_modules/@undefined/plugin-express": {
      "resolved": "../express",
      "link": true
    }
  }
}
