{
  "name": "@undefined/plugin-mvc",
  "version": "1.0.0",
  "lockfileVersion": 3,
  "requires": true,
  "packages": {
    "": {
      "name": "@undefined/plugin-mvc",
      "version": "1.0.0",
      "license": "ISC",
      "dependencies": {
        "@undefined/plugin-express": "file:../express",
        "@undefined/plugin-svelte": "file:../plugin-svelte"
      }
    },
    "../express": {
      "name": "@undefined/plugin-express",
      "license": "ISC",
      "dependencies": {
        "@rollup/plugin-typescript": "^11.1.0",
        "@undefined/plugin": "file:../../lib",
        "express": "^4.18.2"
      }
    },
    "../plugin-svelte": {
      "version": "1.0.0",
      "license": "ISC",
      "dependencies": {
        "@rollup/plugin-node-resolve": "^15.0.2",
        "@undefined/plugin-express": "file:../plugin-express",
        "rollup": "^3.20.2",
        "svelte": "^3.58.0"
      },
      "devDependencies": {}
    },
    "node_modules/@undefined/plugin-express": {
      "resolved": "../express",
      "link": true
    },
    "node_modules/@undefined/plugin-svelte": {
      "resolved": "../plugin-svelte",
      "link": true
    }
  }
}
